
Microsoft Visual Studio Solution File, Format Version 12.00
# Visual Studio Version 17
VisualStudioVersion = 17.5.33627.172
MinimumVisualStudioVersion = 10.0.40219.1
Project("{9A19103F-16F7-4668-BE54-9A1E7A4F7556}") = "HR.DAL", "HR.DAL\HR.DAL.csproj", "{B831DB3D-CC2A-4B0A-B2D0-68F1C2C14832}"
EndProject
Project("{9A19103F-16F7-4668-BE54-9A1E7A4F7556}") = "HR.Common", "HR.Common\HR.Common.csproj", "{8F0AB536-45E0-47E5-AC36-B2760966D2D5}"
EndProject
Project("{9A19103F-16F7-4668-BE54-9A1E7A4F7556}") = "HR.BAL", "HR.BAL\HR.BAL.csproj", "{AB2CD426-0E0C-41F3-88B9-62A650E015B6}"
EndProject
Project("{9A19103F-16F7-4668-BE54-9A1E7A4F7556}") = "HR.Api", "HR.Api\HR.Api.csproj", "{ED8000BB-6634-4098-9D50-B0667CF0D0A0}"
EndProject
Global
	GlobalSection(SolutionConfigurationPlatforms) = preSolution
		Debug|Any CPU = Debug|Any CPU
		Release|Any CPU = Release|Any CPU
	EndGlobalSection
	GlobalSection(ProjectConfigurationPlatforms) = postSolution
		{B831DB3D-CC2A-4B0A-B2D0-68F1C2C14832}.Debug|Any CPU.ActiveCfg = Debug|Any CPU
		{B831DB3D-CC2A-4B0A-B2D0-68F1C2C14832}.Debug|Any CPU.Build.0 = Debug|Any CPU
		{B831DB3D-CC2A-4B0A-B2D0-68F1C2C14832}.Release|Any CPU.ActiveCfg = Release|Any CPU
		{B831DB3D-CC2A-4B0A-B2D0-68F1C2C14832}.Release|Any CPU.Build.0 = Release|Any CPU
		{8F0AB536-45E0-47E5-AC36-B2760966D2D5}.Debug|Any CPU.ActiveCfg = Debug|Any CPU
		{8F0AB536-45E0-47E5-AC36-B2760966D2D5}.Debug|Any CPU.Build.0 = Debug|Any CPU
		{8F0AB536-45E0-47E5-AC36-B2760966D2D5}.Release|Any CPU.ActiveCfg = Release|Any CPU
		{8F0AB536-45E0-47E5-AC36-B2760966D2D5}.Release|Any CPU.Build.0 = Release|Any CPU
		{AB2CD426-0E0C-41F3-88B9-62A650E015B6}.Debug|Any CPU.ActiveCfg = Debug|Any CPU
		{AB2CD426-0E0C-41F3-88B9-62A650E015B6}.Debug|Any CPU.Build.0 = Debug|Any CPU
		{AB2CD426-0E0C-41F3-88B9-62A650E015B6}.Release|Any CPU.ActiveCfg = Release|Any CPU
		{AB2CD426-0E0C-41F3-88B9-62A650E015B6}.Release|Any CPU.Build.0 = Release|Any CPU
		{ED8000BB-6634-4098-9D50-B0667CF0D0A0}.Debug|Any CPU.ActiveCfg = Debug|Any CPU
		{ED8000BB-6634-4098-9D50-B0667CF0D0A0}.Debug|Any CPU.Build.0 = Debug|Any CPU
		{ED8000BB-6634-4098-9D50-B0667CF0D0A0}.Release|Any CPU.ActiveCfg = Release|Any CPU
		{ED8000BB-6634-4098-9D50-B0667CF0D0A0}.Release|Any CPU.Build.0 = Release|Any CPU
	EndGlobalSection
	GlobalSection(SolutionProperties) = preSolution
		HideSolutionNode = FALSE
	EndGlobalSection
	GlobalSection(ExtensibilityGlobals) = postSolution
		SolutionGuid = {35E1ADC8-4F38-490F-96F8-28F9D79D206C}
	EndGlobalSection
EndGlobal
